// !$*UTF8*$!
{
	archiveVersion = 1;
	classes = {
	};
	objectVersion = 56;
	objects = {

/* Begin PBXBuildFile section */
		162CD8CA2B08784C00EC1BA4 /* SmartHomeiosApp.swift in Sources */ = {isa = PBXBuildFile; fileRef = 162CD8C92B08784C00EC1BA4 /* SmartHomeiosApp.swift */; };
		162CD8CC2B08784C00EC1BA4 /* ContentView.swift in Sources */ = {isa = PBXBuildFile; fileRef = 162CD8CB2B08784C00EC1BA4 /* ContentView.swift */; };
		162CD8CE2B08784D00EC1BA4 /* Assets.xcassets in Resources */ = {isa = PBXBuildFile; fileRef = 162CD8CD2B08784D00EC1BA4 /* Assets.xcassets */; };
		162CD8D12B08784D00EC1BA4 /* Preview Assets.xcassets in Resources */ = {isa = PBXBuildFile; fileRef = 162CD8D02B08784D00EC1BA4 /* Preview Assets.xcassets */; };
		162CD8DB2B08784E00EC1BA4 /* SmartHomeiosTests.swift in Sources */ = {isa = PBXBuildFile; fileRef = 162CD8DA2B08784E00EC1BA4 /* SmartHomeiosTests.swift */; };
		162CD8E52B08784E00EC1BA4 /* SmartHomeiosUITests.swift in Sources */ = {isa = PBXBuildFile; fileRef = 162CD8E42B08784E00EC1BA4 /* SmartHomeiosUITests.swift */; };
		162CD8E72B08784E00EC1BA4 /* SmartHomeiosUITestsLaunchTests.swift in Sources */ = {isa = PBXBuildFile; fileRef = 162CD8E62B08784E00EC1BA4 /* SmartHomeiosUITestsLaunchTests.swift */; };
/* End PBXBuildFile section */

/* Begin PBXContainerItemProxy section */
		162CD8D72B08784E00EC1BA4 /* PBXContainerItemProxy */ = {
			isa = PBXContainerItemProxy;
			containerPortal = 162CD8BE2B08784C00EC1BA4 /* Project object */;
			proxyType = 1;
			remoteGlobalIDString = 162CD8C52B08784C00EC1BA4;
			remoteInfo = SmartHomeios;
		};
		162CD8E12B08784E00EC1BA4 /* PBXContainerItemProxy */ = {
			isa = PBXContainerItemProxy;
			containerPortal = 162CD8BE2B08784C00EC1BA4 /* Project object */;
			proxyType = 1;
			remoteGlobalIDString = 162CD8C52B08784C00EC1BA4;
			remoteInfo = SmartHomeios;
		};
/* End PBXContainerItemProxy section */

/* Begin PBXFileReference section */
		162CD8C62B08784C00EC1BA4 /* SmartHomeios.app */ = {isa = PBXFileReference; explicitFileType = wrapper.application; includeInIndex = 0; path = SmartHomeios.app; sourceTree = BUILT_PRODUCTS_DIR; };
		162CD8C92B08784C00EC1BA4 /* SmartHomeiosApp.swift */ = {isa = PBXFileReference; lastKnownFileType = sourcecode.swift; path = SmartHomeiosApp.swift; sourceTree = "<group>"; };
		162CD8CB2B08784C00EC1BA4 /* ContentView.swift */ = {isa = PBXFileReference; lastKnownFileType = sourcecode.swift; path = ContentView.swift; sourceTree = "<group>"; };
		162CD8CD2B08784D00EC1BA4 /* Assets.xcassets */ = {isa = PBXFileReference; lastKnownFileType = folder.assetcatalog; path = Assets.xcassets; sourceTree = "<group>"; };
		162CD8D02B08784D00EC1BA4 /* Preview Assets.xcassets */ = {isa = PBXFileReference; lastKnownFileType = folder.assetcatalog; path = "Preview Assets.xcassets"; sourceTree = "<group>"; };
		162CD8D62B08784E00EC1BA4 /* SmartHomeiosTests.xctest */ = {isa = PBXFileReference; explicitFileType = wrapper.cfbundle; includeInIndex = 0; path = SmartHomeiosTests.xctest; sourceTree = BUILT_PRODUCTS_DIR; };
		162CD8DA2B08784E00EC1BA4 /* SmartHomeiosTests.swift */ = {isa = PBXFileReference; lastKnownFileType = sourcecode.swift; path = SmartHomeiosTests.swift; sourceTree = "<group>"; };
		162CD8E02B08784E00EC1BA4 /* SmartHomeiosUITests.xctest */ = {isa = PBXFileReference; explicitFileType = wrapper.cfbundle; includeInIndex = 0; path = SmartHomeiosUITests.xctest; sourceTree = BUILT_PRODUCTS_DIR; };
		162CD8E42B08784E00EC1BA4 /* SmartHomeiosUITests.swift */ = {isa = PBXFileReference; lastKnownFileType = sourcecode.swift; path = SmartHomeiosUITests.swift; sourceTree = "<group>"; };
		162CD8E62B08784E00EC1BA4 /* SmartHomeiosUITestsLaunchTests.swift */ = {isa = PBXFileReference; lastKnownFileType = sourcecode.swift; path = SmartHomeiosUITestsLaunchTests.swift; sourceTree = "<group>"; };
/* End PBXFileReference section */

/* Begin PBXFrameworksBuildPhase section */
		162CD8C32B08784C00EC1BA4 /* Frameworks */ = {
			isa = PBXFrameworksBuildPhase;
			buildActionMask = 2147483647;
			files = (
			);
			runOnlyForDeploymentPostprocessing = 0;
		};
		162CD8D32B08784E00EC1BA4 /* Frameworks */ = {
			isa = PBXFrameworksBuildPhase;
			buildActionMask = 2147483647;
			files = (
			);
			runOnlyForDeploymentPostprocessing = 0;
		};
		162CD8DD2B08784E00EC1BA4 /* Frameworks */ = {
			isa = PBXFrameworksBuildPhase;
			buildActionMask = 2147483647;
			files = (
			);
			runOnlyForDeploymentPostprocessing = 0;
		};
/* End PBXFrameworksBuildPhase section */

/* Begin PBXGroup section */
		162CD8BD2B08784C00EC1BA4 = {
			isa = PBXGroup;
			children = (
				162CD8C82B08784C00EC1BA4 /* SmartHomeios */,
				162CD8D92B08784E00EC1BA4 /* SmartHomeiosTests */,
				162CD8E32B08784E00EC1BA4 /* SmartHomeiosUITests */,
				162CD8C72B08784C00EC1BA4 /* Products */,
			);
			sourceTree = "<group>";
		};
		162CD8C72B08784C00EC1BA4 /* Products */ = {
			isa = PBXGroup;
			children = (
				162CD8C62B08784C00EC1BA4 /* SmartHomeios.app */,
				162CD8D62B08784E00EC1BA4 /* SmartHomeiosTests.xctest */,
				162CD8E02B08784E00EC1BA4 /* SmartHomeiosUITests.xctest */,
			);
			name = Products;
			sourceTree = "<group>";
		};
		162CD8C82B08784C00EC1BA4 /* SmartHomeios */ = {
			isa = PBXGroup;
			children = (
				162CD8C92B08784C00EC1BA4 /* SmartHomeiosApp.swift */,
				162CD8CB2B08784C00EC1BA4 /* ContentView.swift */,
				162CD8CD2B08784D00EC1BA4 /* Assets.xcassets */,
				162CD8CF2B08784D00EC1BA4 /* Preview Content */,
			);
			path = SmartHomeios;
			sourceTree = "<group>";
		};
		162CD8CF2B08784D00EC1BA4 /* Preview Content */ = {
			isa = PBXGroup;
			children = (
				162CD8D02B08784D00EC1BA4 /* Preview Assets.xcassets */,
			);
			path = "Preview Content";
			sourceTree = "<group>";
		};
		162CD8D92B08784E00EC1BA4 /* SmartHomeiosTests */ = {
			isa = PBXGroup;
			children = (
				162CD8DA2B08784E00EC1BA4 /* SmartHomeiosTests.swift */,
			);
			path = SmartHomeiosTests;
			sourceTree = "<group>";
		};
		162CD8E32B08784E00EC1BA4 /* SmartHomeiosUITests */ = {
			isa = PBXGroup;
			children = (
				162CD8E42B08784E00EC1BA4 /* SmartHomeiosUITests.swift */,
				162CD8E62B08784E00EC1BA4 /* SmartHomeiosUITestsLaunchTests.swift */,
			);
			path = SmartHomeiosUITests;
			sourceTree = "<group>";
		};
/* End PBXGroup section */

/* Begin PBXNativeTarget section */
		162CD8C52B08784C00EC1BA4 /* SmartHomeios */ = {
			isa = PBXNativeTarget;
			buildConfigurationList = 162CD8EA2B08784E00EC1BA4 /* Build configuration list for PBXNativeTarget "SmartHomeios" */;
			buildPhases = (
				162CD8C22B08784C00EC1BA4 /* Sources */,
				162CD8C32B08784C00EC1BA4 /* Frameworks */,
				162CD8C42B08784C00EC1BA4 /* Resources */,
			);
			buildRules = (
			);
			dependencies = (
			);
			name = SmartHomeios;
			productName = SmartHomeios;
			productReference = 162CD8C62B08784C00EC1BA4 /* SmartHomeios.app */;
			productType = "com.apple.product-type.application";
		};
		162CD8D52B08784E00EC1BA4 /* SmartHomeiosTests */ = {
			isa = PBXNativeTarget;
			buildConfigurationList = 162CD8ED2B08784E00EC1BA4 /* Build configuration list for PBXNativeTarget "SmartHomeiosTests" */;
			buildPhases = (
				162CD8D22B08784E00EC1BA4 /* Sources */,
				162CD8D32B08784E00EC1BA4 /* Frameworks */,
				162CD8D42B08784E00EC1BA4 /* Resources */,
			);
			buildRules = (
			);
			dependencies = (
				162CD8D82B08784E00EC1BA4 /* PBXTargetDependency */,
			);
			name = SmartHomeiosTests;
			productName = SmartHomeiosTests;
			productReference = 162CD8D62B08784E00EC1BA4 /* SmartHomeiosTests.xctest */;
			productType = "com.apple.product-type.bundle.unit-test";
		};
		162CD8DF2B08784E00EC1BA4 /* SmartHomeiosUITests */ = {
			isa = PBXNativeTarget;
			buildConfigurationList = 162CD8F02B08784E00EC1BA4 /* Build configuration list for PBXNativeTarget "SmartHomeiosUITests" */;
			buildPhases = (
				162CD8DC2B08784E00EC1BA4 /* Sources */,
				162CD8DD2B08784E00EC1BA4 /* Frameworks */,
				162CD8DE2B08784E00EC1BA4 /* Resources */,
			);
			buildRules = (
			);
			dependencies = (
				162CD8E22B08784E00EC1BA4 /* PBXTargetDependency */,
			);
			name = SmartHomeiosUITests;
			productName = SmartHomeiosUITests;
			productReference = 162CD8E02B08784E00EC1BA4 /* SmartHomeiosUITests.xctest */;
			productType = "com.apple.product-type.bundle.ui-testing";
		};
/* End PBXNativeTarget section */

/* Begin PBXProject section */
		162CD8BE2B08784C00EC1BA4 /* Project object */ = {
			isa = PBXProject;
			attributes = {
				BuildIndependentTargetsInParallel = 1;
				LastSwiftUpdateCheck = 1500;
				LastUpgradeCheck = 1500;
				TargetAttributes = {
					162CD8C52B08784C00EC1BA4 = {
						CreatedOnToolsVersion = 15.0.1;
					};
					162CD8D52B08784E00EC1BA4 = {
						CreatedOnToolsVersion = 15.0.1;
						TestTargetID = 162CD8C52B08784C00EC1BA4;
					};
					162CD8DF2B08784E00EC1BA4 = {
						CreatedOnToolsVersion = 15.0.1;
						TestTargetID = 162CD8C52B08784C00EC1BA4;
					};
				};
			};
			buildConfigurationList = 162CD8C12B08784C00EC1BA4 /* Build configuration list for PBXProject "SmartHomeios" */;
			compatibilityVersion = "Xcode 14.0";
			developmentRegion = en;
			hasScannedForEncodings = 0;
			knownRegions = (
				en,
				Base,
			);
			mainGroup = 162CD8BD2B08784C00EC1BA4;
			productRefGroup = 162CD8C72B08784C00EC1BA4 /* Products */;
			projectDirPath = "";
			projectRoot = "";
			targets = (
				162CD8C52B08784C00EC1BA4 /* SmartHomeios */,
				162CD8D52B08784E00EC1BA4 /* SmartHomeiosTests */,
				162CD8DF2B08784E00EC1BA4 /* SmartHomeiosUITests */,
			);
		};
/* End PBXProject section */

/* Begin PBXResourcesBuildPhase section */
		162CD8C42B08784C00EC1BA4 /* Resources */ = {
			isa = PBXResourcesBuildPhase;
			buildActionMask = 2147483647;
			files = (
				162CD8D12B08784D00EC1BA4 /* Preview Assets.xcassets in Resources */,
				162CD8CE2B08784D00EC1BA4 /* Assets.xcassets in Resources */,
			);
			runOnlyForDeploymentPostprocessing = 0;
		};
		162CD8D42B08784E00EC1BA4 /* Resources */ = {
			isa = PBXResourcesBuildPhase;
			buildActionMask = 2147483647;
			files = (
			);
			runOnlyForDeploymentPostprocessing = 0;
		};
		162CD8DE2B08784E00EC1BA4 /* Resources */ = {
			isa = PBXResourcesBuildPhase;
			buildActionMask = 2147483647;
			files = (
			);
			runOnlyForDeploymentPostprocessing = 0;
		};
/* End PBXResourcesBuildPhase section */

/* Begin PBXSourcesBuildPhase section */
		162CD8C22B08784C00EC1BA4 /* Sources */ = {
			isa = PBXSourcesBuildPhase;
			buildActionMask = 2147483647;
			files = (
				162CD8CC2B08784C00EC1BA4 /* ContentView.swift in Sources */,
				162CD8CA2B08784C00EC1BA4 /* SmartHomeiosApp.swift in Sources */,
			);
			runOnlyForDeploymentPostprocessing = 0;
		};
		162CD8D22B08784E00EC1BA4 /* Sources */ = {
			isa = PBXSourcesBuildPhase;
			buildActionMask = 2147483647;
			files = (
				162CD8DB2B08784E00EC1BA4 /* SmartHomeiosTests.swift in Sources */,
			);
			runOnlyForDeploymentPostprocessing = 0;
		};
		162CD8DC2B08784E00EC1BA4 /* Sources */ = {
			isa = PBXSourcesBuildPhase;
			buildActionMask = 2147483647;
			files = (
				162CD8E52B08784E00EC1BA4 /* SmartHomeiosUITests.swift in Sources */,
				162CD8E72B08784E00EC1BA4 /* SmartHomeiosUITestsLaunchTests.swift in Sources */,
			);
			runOnlyForDeploymentPostprocessing = 0;
		};
/* End PBXSourcesBuildPhase section */

/* Begin PBXTargetDependency section */
		162CD8D82B08784E00EC1BA4 /* PBXTargetDependency */ = {
			isa = PBXTargetDependency;
			target = 162CD8C52B08784C00EC1BA4 /* SmartHomeios */;
			targetProxy = 162CD8D72B08784E00EC1BA4 /* PBXContainerItemProxy */;
		};
		162CD8E22B08784E00EC1BA4 /* PBXTargetDependency */ = {
			isa = PBXTargetDependency;
			target = 162CD8C52B08784C00EC1BA4 /* SmartHomeios */;
			targetProxy = 162CD8E12B08784E00EC1BA4 /* PBXContainerItemProxy */;
		};
/* End PBXTargetDependency section */

/* Begin XCBuildConfiguration section */
		162CD8E82B08784E00EC1BA4 /* Debug */ = {
			isa = XCBuildConfiguration;
			buildSettings = {
				ALWAYS_SEARCH_USER_PATHS = NO;
				ASSETCATALOG_COMPILER_GENERATE_SWIFT_ASSET_SYMBOL_EXTENSIONS = YES;
				CLANG_ANALYZER_NONNULL = YES;
				CLANG_ANALYZER_NUMBER_OBJECT_CONVERSION = YES_AGGRESSIVE;
				CLANG_CXX_LANGUAGE_STANDARD = "gnu++20";
				CLANG_ENABLE_MODULES = YES;
				CLANG_ENABLE_OBJC_ARC = YES;
				CLANG_ENABLE_OBJC_WEAK = YES;
				CLANG_WARN_BLOCK_CAPTURE_AUTORELEASING = YES;
				CLANG_WARN_BOOL_CONVERSION = YES;
				CLANG_WARN_COMMA = YES;
				CLANG_WARN_CONSTANT_CONVERSION = YES;
				CLANG_WARN_DEPRECATED_OBJC_IMPLEMENTATIONS = YES;
				CLANG_WARN_DIRECT_OBJC_ISA_USAGE = YES_ERROR;
				CLANG_WARN_DOCUMENTATION_COMMENTS = YES;
				CLANG_WARN_EMPTY_BODY = YES;
				CLANG_WARN_ENUM_CONVERSION = YES;
				CLANG_WARN_INFINITE_RECURSION = YES;
				CLANG_WARN_INT_CONVERSION = YES;
				CLANG_WARN_NON_LITERAL_NULL_CONVERSION = YES;
				CLANG_WARN_OBJC_IMPLICIT_RETAIN_SELF = YES;
				CLANG_WARN_OBJC_LITERAL_CONVERSION = YES;
				CLANG_WARN_OBJC_ROOT_CLASS = YES_ERROR;
				CLANG_WARN_QUOTED_INCLUDE_IN_FRAMEWORK_HEADER = YES;
				CLANG_WARN_RANGE_LOOP_ANALYSIS = YES;
				CLANG_WARN_STRICT_PROTOTYPES = YES;
				CLANG_WARN_SUSPICIOUS_MOVE = YES;
				CLANG_WARN_UNGUARDED_AVAILABILITY = YES_AGGRESSIVE;
				CLANG_WARN_UNREACHABLE_CODE = YES;
				CLANG_WARN__DUPLICATE_METHOD_MATCH = YES;
				COPY_PHASE_STRIP = NO;
				DEBUG_INFORMATION_FORMAT = dwarf;
				ENABLE_STRICT_OBJC_MSGSEND = YES;
				ENABLE_TESTABILITY = YES;
				ENABLE_USER_SCRIPT_SANDBOXING = YES;
				GCC_C_LANGUAGE_STANDARD = gnu17;
				GCC_DYNAMIC_NO_PIC = NO;
				GCC_NO_COMMON_BLOCKS = YES;
				GCC_OPTIMIZATION_LEVEL = 0;
				GCC_PREPROCESSOR_DEFINITIONS = (
					"DEBUG=1",
					"$(inherited)",
				);
				GCC_WARN_64_TO_32_BIT_CONVERSION = YES;
				GCC_WARN_ABOUT_RETURN_TYPE = YES_ERROR;
				GCC_WARN_UNDECLARED_SELECTOR = YES;
				GCC_WARN_UNINITIALIZED_AUTOS = YES_AGGRESSIVE;
				GCC_WARN_UNUSED_FUNCTION = YES;
				GCC_WARN_UNUSED_VARIABLE = YES;
				IPHONEOS_DEPLOYMENT_TARGET = 17.0;
				LOCALIZATION_PREFERS_STRING_CATALOGS = YES;
				MTL_ENABLE_DEBUG_INFO = INCLUDE_SOURCE;
				MTL_FAST_MATH = YES;
				ONLY_ACTIVE_ARCH = YES;
				SDKROOT = iphoneos;
				SWIFT_ACTIVE_COMPILATION_CONDITIONS = "DEBUG $(inherited)";
				SWIFT_OPTIMIZATION_LEVEL = "-Onone";
			};
			name = Debug;
		};
		162CD8E92B08784E00EC1BA4 /* Release */ = {
			isa = XCBuildConfiguration;
			buildSettings = {
				ALWAYS_SEARCH_USER_PATHS = NO;
				ASSETCATALOG_COMPILER_GENERATE_SWIFT_ASSET_SYMBOL_EXTENSIONS = YES;
				CLANG_ANALYZER_NONNULL = YES;
				CLANG_ANALYZER_NUMBER_OBJECT_CONVERSION = YES_AGGRESSIVE;
				CLANG_CXX_LANGUAGE_STANDARD = "gnu++20";
				CLANG_ENABLE_MODULES = YES;
				CLANG_ENABLE_OBJC_ARC = YES;
				CLANG_ENABLE_OBJC_WEAK = YES;
				CLANG_WARN_BLOCK_CAPTURE_AUTORELEASING = YES;
				CLANG_WARN_BOOL_CONVERSION = YES;
				CLANG_WARN_COMMA = YES;
				CLANG_WARN_CONSTANT_CONVERSION = YES;
				CLANG_WARN_DEPRECATED_OBJC_IMPLEMENTATIONS = YES;
				CLANG_WARN_DIRECT_OBJC_ISA_USAGE = YES_ERROR;
				CLANG_WARN_DOCUMENTATION_COMMENTS = YES;
				CLANG_WARN_EMPTY_BODY = YES;
				CLANG_WARN_ENUM_CONVERSION = YES;
				CLANG_WARN_INFINITE_RECURSION = YES;
				CLANG_WARN_INT_CONVERSION = YES;
				CLANG_WARN_NON_LITERAL_NULL_CONVERSION = YES;
				CLANG_WARN_OBJC_IMPLICIT_RETAIN_SELF = YES;
				CLANG_WARN_OBJC_LITERAL_CONVERSION = YES;
				CLANG_WARN_OBJC_ROOT_CLASS = YES_ERROR;
				CLANG_WARN_QUOTED_INCLUDE_IN_FRAMEWORK_HEADER = YES;
				CLANG_WARN_RANGE_LOOP_ANALYSIS = YES;
				CLANG_WARN_STRICT_PROTOTYPES = YES;
				CLANG_WARN_SUSPICIOUS_MOVE = YES;
				CLANG_WARN_UNGUARDED_AVAILABILITY = YES_AGGRESSIVE;
				CLANG_WARN_UNREACHABLE_CODE = YES;
				CLANG_WARN__DUPLICATE_METHOD_MATCH = YES;
				COPY_PHASE_STRIP = NO;
				DEBUG_INFORMATION_FORMAT = "dwarf-with-dsym";
				ENABLE_NS_ASSERTIONS = NO;
				ENABLE_STRICT_OBJC_MSGSEND = YES;
				ENABLE_USER_SCRIPT_SANDBOXING = YES;
				GCC_C_LANGUAGE_STANDARD = gnu17;
				GCC_NO_COMMON_BLOCKS = YES;
				GCC_WARN_64_TO_32_BIT_CONVERSION = YES;
				GCC_WARN_ABOUT_RETURN_TYPE = YES_ERROR;
				GCC_WARN_UNDECLARED_SELECTOR = YES;
				GCC_WARN_UNINITIALIZED_AUTOS = YES_AGGRESSIVE;
				GCC_WARN_UNUSED_FUNCTION = YES;
				GCC_WARN_UNUSED_VARIABLE = YES;
				IPHONEOS_DEPLOYMENT_TARGET = 17.0;
				LOCALIZATION_PREFERS_STRING_CATALOGS = YES;
				MTL_ENABLE_DEBUG_INFO = NO;
				MTL_FAST_MATH = YES;
				SDKROOT = iphoneos;
				SWIFT_COMPILATION_MODE = wholemodule;
				VALIDATE_PRODUCT = YES;
			};
			name = Release;
		};
		162CD8EB2B08784E00EC1BA4 /* Debug */ = {
			isa = XCBuildConfiguration;
			buildSettings = {
				ASSETCATALOG_COMPILER_APPICON_NAME = AppIcon;
				ASSETCATALOG_COMPILER_GLOBAL_ACCENT_COLOR_NAME = AccentColor;
				CODE_SIGN_STYLE = Automatic;
				CURRENT_PROJECT_VERSION = 1;
				DEVELOPMENT_ASSET_PATHS = "\"SmartHomeios/Preview Content\"";
				ENABLE_PREVIEWS = YES;
				GENERATE_INFOPLIST_FILE = YES;
				INFOPLIST_KEY_UIApplicationSceneManifest_Generation = YES;
				INFOPLIST_KEY_UIApplicationSupportsIndirectInputEvents = YES;
				INFOPLIST_KEY_UILaunchScreen_Generation = YES;
				INFOPLIST_KEY_UISupportedInterfaceOrientations_iPad = "UIInterfaceOrientationPortrait UIInterfaceOrientationPortraitUpsideDown UIInterfaceOrientationLandscapeLeft UIInterfaceOrientationLandscapeRight";
				INFOPLIST_KEY_UISupportedInterfaceOrientations_iPhone = "UIInterfaceOrientationPortrait UIInterfaceOrientationLandscapeLeft UIInterfaceOrientationLandscapeRight";
				LD_RUNPATH_SEARCH_PATHS = (
					"$(inherited)",
					"@executable_path/Frameworks",
				);
				MARKETING_VERSION = 1.0;
				PRODUCT_BUNDLE_IDENTIFIER = com.yourcompany.SmartHomeios;
				PRODUCT_NAME = "$(TARGET_NAME)";
				SWIFT_EMIT_LOC_STRINGS = YES;
				SWIFT_VERSION = 5.0;
				TARGETED_DEVICE_FAMILY = "1,2";
			};
			name = Debug;
		};
		162CD8EC2B08784E00EC1BA4 /* Release */ = {
			isa = XCBuildConfiguration;
			buildSettings = {
				ASSETCATALOG_COMPILER_APPICON_NAME = AppIcon;
				ASSETCATALOG_COMPILER_GLOBAL_ACCENT_COLOR_NAME = AccentColor;
				CODE_SIGN_STYLE = Automatic;
				CURRENT_PROJECT_VERSION = 1;
				DEVELOPMENT_ASSET_PATHS = "\"SmartHomeios/Preview Content\"";
				ENABLE_PREVIEWS = YES;
				GENERATE_INFOPLIST_FILE = YES;
				INFOPLIST_KEY_UIApplicationSceneManifest_Generation = YES;
				INFOPLIST_KEY_UIApplicationSupportsIndirectInputEvents = YES;
				INFOPLIST_KEY_UILaunchScreen_Generation = YES;
				INFOPLIST_KEY_UISupportedInterfaceOrientations_iPad = "UIInterfaceOrientationPortrait UIInterfaceOrientationPortraitUpsideDown UIInterfaceOrientationLandscapeLeft UIInterfaceOrientationLandscapeRight";
				INFOPLIST_KEY_UISupportedInterfaceOrientations_iPhone = "UIInterfaceOrientationPortrait UIInterfaceOrientationLandscapeLeft UIInterfaceOrientationLandscapeRight";
				LD_RUNPATH_SEARCH_PATHS = (
					"$(inherited)",
					"@executable_path/Frameworks",
				);
				MARKETING_VERSION = 1.0;
				PRODUCT_BUNDLE_IDENTIFIER = com.yourcompany.SmartHomeios;
				PRODUCT_NAME = "$(TARGET_NAME)";
				SWIFT_EMIT_LOC_STRINGS = YES;
				SWIFT_VERSION = 5.0;
				TARGETED_DEVICE_FAMILY = "1,2";
			};
			name = Release;
		};
		162CD8EE2B08784E00EC1BA4 /* Debug */ = {
			isa = XCBuildConfiguration;
			buildSettings = {
				ALWAYS_EMBED_SWIFT_STANDARD_LIBRARIES = YES;
				BUNDLE_LOADER = "$(TEST_HOST)";
				CODE_SIGN_STYLE = Automatic;
				CURRENT_PROJECT_VERSION = 1;
				GENERATE_INFOPLIST_FILE = YES;
				IPHONEOS_DEPLOYMENT_TARGET = 17.0;
				MARKETING_VERSION = 1.0;
				PRODUCT_BUNDLE_IDENTIFIER = com.yourcompany.SmartHomeiosTests;
				PRODUCT_NAME = "$(TARGET_NAME)";
				SWIFT_EMIT_LOC_STRINGS = NO;
				SWIFT_VERSION = 5.0;
				TARGETED_DEVICE_FAMILY = "1,2";
				TEST_HOST = "$(BUILT_PRODUCTS_DIR)/SmartHomeios.app/$(BUNDLE_EXECUTABLE_FOLDER_PATH)/SmartHomeios";
			};
			name = Debug;
		};
		162CD8EF2B08784E00EC1BA4 /* Release */ = {
			isa = XCBuildConfiguration;
			buildSettings = {
				ALWAYS_EMBED_SWIFT_STANDARD_LIBRARIES = YES;
				BUNDLE_LOADER = "$(TEST_HOST)";
				CODE_SIGN_STYLE = Automatic;
				CURRENT_PROJECT_VERSION = 1;
				GENERATE_INFOPLIST_FILE = YES;
				IPHONEOS_DEPLOYMENT_TARGET = 17.0;
				MARKETING_VERSION = 1.0;
				PRODUCT_BUNDLE_IDENTIFIER = com.yourcompany.SmartHomeiosTests;
				PRODUCT_NAME = "$(TARGET_NAME)";
				SWIFT_EMIT_LOC_STRINGS = NO;
				SWIFT_VERSION = 5.0;
				TARGETED_DEVICE_FAMILY = "1,2";
				TEST_HOST = "$(BUILT_PRODUCTS_DIR)/SmartHomeios.app/$(BUNDLE_EXECUTABLE_FOLDER_PATH)/SmartHomeios";
			};
			name = Release;
		};
		162CD8F12B08784E00EC1BA4 /* Debug */ = {
			isa = XCBuildConfiguration;
			buildSettings = {
				ALWAYS_EMBED_SWIFT_STANDARD_LIBRARIES = YES;
				CODE_SIGN_STYLE = Automatic;
				CURRENT_PROJECT_VERSION = 1;
				GENERATE_INFOPLIST_FILE = YES;
				MARKETING_VERSION = 1.0;
				PRODUCT_BUNDLE_IDENTIFIER = com.yourcompany.SmartHomeiosUITests;
				PRODUCT_NAME = "$(TARGET_NAME)";
				SWIFT_EMIT_LOC_STRINGS = NO;
				SWIFT_VERSION = 5.0;
				TARGETED_DEVICE_FAMILY = "1,2";
				TEST_TARGET_NAME = SmartHomeios;
			};
			name = Debug;
		};
		162CD8F22B08784E00EC1BA4 /* Release */ = {
			isa = XCBuildConfiguration;
			buildSettings = {
				ALWAYS_EMBED_SWIFT_STANDARD_LIBRARIES = YES;
				CODE_SIGN_STYLE = Automatic;
				CURRENT_PROJECT_VERSION = 1;
				GENERATE_INFOPLIST_FILE = YES;
				MARKETING_VERSION = 1.0;
				PRODUCT_BUNDLE_IDENTIFIER = com.yourcompany.SmartHomeiosUITests;
				PRODUCT_NAME = "$(TARGET_NAME)";
				SWIFT_EMIT_LOC_STRINGS = NO;
				SWIFT_VERSION = 5.0;
				TARGETED_DEVICE_FAMILY = "1,2";
				TEST_TARGET_NAME = SmartHomeios;
			};
			name = Release;
		};
/* End XCBuildConfiguration section */

/* Begin XCConfigurationList section */
		162CD8C12B08784C00EC1BA4 /* Build configuration list for PBXProject "SmartHomeios" */ = {
			isa = XCConfigurationList;
			buildConfigurations = (
				162CD8E82B08784E00EC1BA4 /* Debug */,
				162CD8E92B08784E00EC1BA4 /* Release */,
			);
			defaultConfigurationIsVisible = 0;
			defaultConfigurationName = Release;
		};
		162CD8EA2B08784E00EC1BA4 /* Build configuration list for PBXNativeTarget "SmartHomeios" */ = {
			isa = XCConfigurationList;
			buildConfigurations = (
				162CD8EB2B08784E00EC1BA4 /* Debug */,
				162CD8EC2B08784E00EC1BA4 /* Release */,
			);
			defaultConfigurationIsVisible = 0;
			defaultConfigurationName = Release;
		};
		162CD8ED2B08784E00EC1BA4 /* Build configuration list for PBXNativeTarget "SmartHomeiosTests" */ = {
			isa = XCConfigurationList;
			buildConfigurations = (
				162CD8EE2B08784E00EC1BA4 /* Debug */,
				162CD8EF2B08784E00EC1BA4 /* Release */,
			);
			defaultConfigurationIsVisible = 0;
			defaultConfigurationName = Release;
		};
		162CD8F02B08784E00EC1BA4 /* Build configuration list for PBXNativeTarget "SmartHomeiosUITests" */ = {
			isa = XCConfigurationList;
			buildConfigurations = (
				162CD8F12B08784E00EC1BA4 /* Debug */,
				162CD8F22B08784E00EC1BA4 /* Release */,
			);
			defaultConfigurationIsVisible = 0;
			defaultConfigurationName = Release;
		};
/* End XCConfigurationList section */
	};
	rootObject = 162CD8BE2B08784C00EC1BA4 /* Project object */;
}
